{
  "originHash" : "fa2567dc764b600fb2acb464566c26a25997dc4e07254c001ffdd0cae72d1133",
  "pins" : [
    {
      "identity" : "alamofire",
      "kind" : "remoteSourceControl",
      "location" : "https://github.com/Alamofire/Alamofire",
      "state" : {
        "revision" : "513364f870f6bfc468f9d2ff0a95caccc10044c5",
        "version" : "5.10.2"
      }
    },
    {
      "identity" : "privmx-endpoint-swift",
      "kind" : "remoteSourceControl",
      "location" : "https://github.com/simplito/privmx-endpoint-swift",
      "state" : {
        "revision" : "42365d4e596691bc9f28fcfb756bdb409e6fc4b5",
        "version" : "2.2.0"
      }
    },
    {
      "identity" : "privmx-endpoint-swift-extra",
      "kind" : "remoteSourceControl",
      "location" : "https://github.com/simplito/privmx-endpoint-swift-extra",
      "state" : {
        "revision" : "711e7ffdb927f6efdc8e86b88117229a04f38555",
        "version" : "2.2.0"
      }
    }
  ],
  "version" : 3
}
