{
  "originHash" : "fa2567dc764b600fb2acb464566c26a25997dc4e07254c001ffdd0cae72d1133",
  "pins" : [
    {
      "identity" : "alamofire",
      "kind" : "remoteSourceControl",
      "location" : "https://github.com/Alamofire/Alamofire",
      "state" : {
        "revision" : "513364f870f6bfc468f9d2ff0a95caccc10044c5",
        "version" : "5.10.2"
      }
    },
    {
      "identity" : "privmx-endpoint-swift",
      "kind" : "remoteSourceControl",
      "location" : "https://github.com/simplito/privmx-endpoint-swift",
      "state" : {
        "revision" : "aed8b62967e87b12084087ea22dd24e3a267f659",
        "version" : "2.3.0-rc5"
      }
    },
    {
      "identity" : "privmx-endpoint-swift-extra",
      "kind" : "remoteSourceControl",
      "location" : "https://github.com/simplito/privmx-endpoint-swift-extra",
      "state" : {
        "revision" : "8ed804bf9378114833ba809e81c53cd1b8c73b57",
        "version" : "2.3.0-rc6"
      }
    }
  ],
  "version" : 3
}
