{
  "originHash" : "fa2567dc764b600fb2acb464566c26a25997dc4e07254c001ffdd0cae72d1133",
  "pins" : [
    {
      "identity" : "alamofire",
      "kind" : "remoteSourceControl",
      "location" : "https://github.com/Alamofire/Alamofire",
      "state" : {
        "revision" : "513364f870f6bfc468f9d2ff0a95caccc10044c5",
        "version" : "5.10.2"
      }
    },
    {
      "identity" : "privmx-endpoint-swift",
      "kind" : "remoteSourceControl",
      "location" : "https://github.com/simplito/privmx-endpoint-swift",
      "state" : {
        "revision" : "d0bc6c1728528f74f1aceae7d7884e2c2e0e569d",
        "version" : "2.2.2"
      }
    },
    {
      "identity" : "privmx-endpoint-swift-extra",
      "kind" : "remoteSourceControl",
      "location" : "https://github.com/simplito/privmx-endpoint-swift-extra",
      "state" : {
        "revision" : "05f3181fed5d5ed1e7d6991f87d5de5cbcd82435",
        "version" : "2.2.2"
      }
    }
  ],
  "version" : 3
}
